Microsoft Visual Studio Solution File, Format Version 11.00
# Visual Studio 2008

Project("{E0AB460D-255A-5AA5-8A27-D595F4796A11}") = "Hell_Cat", "Assembly-CSharp-firstpass-vs.csproj", "{DDD8F562-ACDA-A33E-FF13-4FA9BB1C979E}"
EndProject
Project("{E0AB460D-255A-5AA5-8A27-D595F4796A11}") = "Hell_Cat", "Assembly-CSharp-vs.csproj", "{C1D4CE93-918F-5767-A636-BD0D4D4828A5}"
EndProject
Global
	GlobalSection(SolutionConfigurationPlatforms) = preSolution
		Debug|Any CPU = Debug|Any CPU
		Release|Any CPU = Release|Any CPU
	EndGlobalSection
	GlobalSection(ProjectConfigurationPlatforms) = postSolution
		{DDD8F562-ACDA-A33E-FF13-4FA9BB1C979E}.Debug|Any CPU.ActiveCfg = Debug|Any CPU
		{DDD8F562-ACDA-A33E-FF13-4FA9BB1C979E}.Debug|Any CPU.Build.0 = Debug|Any CPU
		{DDD8F562-ACDA-A33E-FF13-4FA9BB1C979E}.Release|Any CPU.ActiveCfg = Release|Any CPU
		{DDD8F562-ACDA-A33E-FF13-4FA9BB1C979E}.Release|Any CPU.Build.0 = Release|Any CPU
		{C1D4CE93-918F-5767-A636-BD0D4D4828A5}.Debug|Any CPU.ActiveCfg = Debug|Any CPU
		{C1D4CE93-918F-5767-A636-BD0D4D4828A5}.Debug|Any CPU.Build.0 = Debug|Any CPU
		{C1D4CE93-918F-5767-A636-BD0D4D4828A5}.Release|Any CPU.ActiveCfg = Release|Any CPU
		{C1D4CE93-918F-5767-A636-BD0D4D4828A5}.Release|Any CPU.Build.0 = Release|Any CPU
	EndGlobalSection
	GlobalSection(SolutionProperties) = preSolution
		HideSolutionNode = FALSE
	EndGlobalSection
																														GlobalSection(MonoDevelopProperties) = preSolution
		StartupItem = Assembly-CSharp.csproj
		Policies = $0
		$0.TextStylePolicy = $1
		$1.inheritsSet = null
		$1.scope = text/x-csharp
		$0.CSharpFormattingPolicy = $2
		$2.inheritsSet = Mono
		$2.inheritsScope = text/x-csharp
		$2.scope = text/x-csharp
		$0.TextStylePolicy = $3
		$3.FileWidth = 120
		$3.TabWidth = 4
		$3.EolMarker = Unix
		$3.inheritsSet = Mono
		$3.inheritsScope = text/plain
		$3.scope = text/plain
	EndGlobalSection

EndGlobal
